
Microsoft Visual Studio Solution File, Format Version 12.00
# Visual Studio Version 17
VisualStudioVersion = 17.0.31903.59
MinimumVisualStudioVersion = 10.0.40219.1
Project("{2150E333-8FDC-42A3-9474-1A3956D46DE8}") = "src", "src", "{827E0CD3-B72D-47B6-A68D-7590B98EB39B}"
EndProject
Project("{FAE04EC0-301F-11D3-BF4B-00C04F79EFBC}") = "AICShared", "src\AICShared\AICShared.csproj", "{9B437F3B-FA5A-4914-8B5C-679C940F7447}"
EndProject
Project("{FAE04EC0-301F-11D3-BF4B-00C04F79EFBC}") = "AICModPayload", "src\AICModPayload\AICModPayload.csproj", "{4EA5D723-0F19-4816-89A2-2895B50F8AFF}"
EndProject
Project("{FAE04EC0-301F-11D3-BF4B-00C04F79EFBC}") = "AICTrainer", "src\AICTrainer\AICTrainer.csproj", "{A0AFC924-22F8-45BF-9549-626597B94DBF}"
EndProject
Global
	GlobalSection(SolutionConfigurationPlatforms) = preSolution
		Debug|Any CPU = Debug|Any CPU
		Debug|x64 = Debug|x64
		Debug|x86 = Debug|x86
		Release|Any CPU = Release|Any CPU
		Release|x64 = Release|x64
		Release|x86 = Release|x86
	EndGlobalSection
	GlobalSection(ProjectConfigurationPlatforms) = postSolution
		{9B437F3B-FA5A-4914-8B5C-679C940F7447}.Debug|Any CPU.ActiveCfg = Debug|Any CPU
		{9B437F3B-FA5A-4914-8B5C-679C940F7447}.Debug|Any CPU.Build.0 = Debug|Any CPU
		{9B437F3B-FA5A-4914-8B5C-679C940F7447}.Debug|x64.ActiveCfg = Debug|Any CPU
		{9B437F3B-FA5A-4914-8B5C-679C940F7447}.Debug|x64.Build.0 = Debug|Any CPU
		{9B437F3B-FA5A-4914-8B5C-679C940F7447}.Debug|x86.ActiveCfg = Debug|Any CPU
		{9B437F3B-FA5A-4914-8B5C-679C940F7447}.Debug|x86.Build.0 = Debug|Any CPU
		{9B437F3B-FA5A-4914-8B5C-679C940F7447}.Release|Any CPU.ActiveCfg = Release|Any CPU
		{9B437F3B-FA5A-4914-8B5C-679C940F7447}.Release|Any CPU.Build.0 = Release|Any CPU
		{9B437F3B-FA5A-4914-8B5C-679C940F7447}.Release|x64.ActiveCfg = Release|Any CPU
		{9B437F3B-FA5A-4914-8B5C-679C940F7447}.Release|x64.Build.0 = Release|Any CPU
		{9B437F3B-FA5A-4914-8B5C-679C940F7447}.Release|x86.ActiveCfg = Release|Any CPU
		{9B437F3B-FA5A-4914-8B5C-679C940F7447}.Release|x86.Build.0 = Release|Any CPU
		{4EA5D723-0F19-4816-89A2-2895B50F8AFF}.Debug|Any CPU.ActiveCfg = Debug|Any CPU
		{4EA5D723-0F19-4816-89A2-2895B50F8AFF}.Debug|Any CPU.Build.0 = Debug|Any CPU
		{4EA5D723-0F19-4816-89A2-2895B50F8AFF}.Debug|x64.ActiveCfg = Debug|Any CPU
		{4EA5D723-0F19-4816-89A2-2895B50F8AFF}.Debug|x64.Build.0 = Debug|Any CPU
		{4EA5D723-0F19-4816-89A2-2895B50F8AFF}.Debug|x86.ActiveCfg = Debug|Any CPU
		{4EA5D723-0F19-4816-89A2-2895B50F8AFF}.Debug|x86.Build.0 = Debug|Any CPU
		{4EA5D723-0F19-4816-89A2-2895B50F8AFF}.Release|Any CPU.ActiveCfg = Release|Any CPU
		{4EA5D723-0F19-4816-89A2-2895B50F8AFF}.Release|Any CPU.Build.0 = Release|Any CPU
		{4EA5D723-0F19-4816-89A2-2895B50F8AFF}.Release|x64.ActiveCfg = Release|Any CPU
		{4EA5D723-0F19-4816-89A2-2895B50F8AFF}.Release|x64.Build.0 = Release|Any CPU
		{4EA5D723-0F19-4816-89A2-2895B50F8AFF}.Release|x86.ActiveCfg = Release|Any CPU
		{4EA5D723-0F19-4816-89A2-2895B50F8AFF}.Release|x86.Build.0 = Release|Any CPU
		{A0AFC924-22F8-45BF-9549-626597B94DBF}.Debug|Any CPU.ActiveCfg = Debug|Any CPU
		{A0AFC924-22F8-45BF-9549-626597B94DBF}.Debug|Any CPU.Build.0 = Debug|Any CPU
		{A0AFC924-22F8-45BF-9549-626597B94DBF}.Debug|x64.ActiveCfg = Debug|Any CPU
		{A0AFC924-22F8-45BF-9549-626597B94DBF}.Debug|x64.Build.0 = Debug|Any CPU
		{A0AFC924-22F8-45BF-9549-626597B94DBF}.Debug|x86.ActiveCfg = Debug|Any CPU
		{A0AFC924-22F8-45BF-9549-626597B94DBF}.Debug|x86.Build.0 = Debug|Any CPU
		{A0AFC924-22F8-45BF-9549-626597B94DBF}.Release|Any CPU.ActiveCfg = Release|Any CPU
		{A0AFC924-22F8-45BF-9549-626597B94DBF}.Release|Any CPU.Build.0 = Release|Any CPU
		{A0AFC924-22F8-45BF-9549-626597B94DBF}.Release|x64.ActiveCfg = Release|Any CPU
		{A0AFC924-22F8-45BF-9549-626597B94DBF}.Release|x64.Build.0 = Release|Any CPU
		{A0AFC924-22F8-45BF-9549-626597B94DBF}.Release|x86.ActiveCfg = Release|Any CPU
		{A0AFC924-22F8-45BF-9549-626597B94DBF}.Release|x86.Build.0 = Release|Any CPU
	EndGlobalSection
	GlobalSection(SolutionProperties) = preSolution
		HideSolutionNode = FALSE
	EndGlobalSection
	GlobalSection(NestedProjects) = preSolution
		{9B437F3B-FA5A-4914-8B5C-679C940F7447} = {827E0CD3-B72D-47B6-A68D-7590B98EB39B}
		{4EA5D723-0F19-4816-89A2-2895B50F8AFF} = {827E0CD3-B72D-47B6-A68D-7590B98EB39B}
		{A0AFC924-22F8-45BF-9549-626597B94DBF} = {827E0CD3-B72D-47B6-A68D-7590B98EB39B}
	EndGlobalSection
EndGlobal
